# This file is automatically @generated by Cargo.
# It is not intended for manual editing.
version = 3

[[package]]
name = "approx"
version = "0.5.1"
source = "registry+https://github.com/rust-lang/crates.io-index"
checksum = "cab112f0a86d568ea0e627cc1d6be74a1e9cd55214684db5561995f6dad897c6"
dependencies = [
 "num-traits",
]

[[package]]
name = "array-init"
version = "2.1.0"
source = "registry+https://github.com/rust-lang/crates.io-index"
checksum = "3d62b7694a562cdf5a74227903507c56ab2cc8bdd1f781ed5cb4cf9c9f810bfc"

[[package]]
name = "arrayvec"
version = "0.5.2"
source = "registry+https://github.com/rust-lang/crates.io-index"
checksum = "23b62fc65de8e4e7f52534fb52b0f3ed04746ae267519eef2a83941e8085068b"

[[package]]
name = "arrayvec"
version = "0.7.6"
source = "registry+https://github.com/rust-lang/crates.io-index"
checksum = "7c02d123df017efcdfbd739ef81735b36c5ba83ec3c59c80a9d7ecc718f92e50"

[[package]]
name = "autocfg"
version = "1.4.0"
source = "registry+https://github.com/rust-lang/crates.io-index"
checksum = "ace50bade8e6234aa140d9a2f552bbee1db4d353f69b8217bc503490fc1a9f26"

[[package]]
name = "az"
version = "1.2.1"
source = "registry+https://github.com/rust-lang/crates.io-index"
checksum = "7b7e4c2464d97fe331d41de9d5db0def0a96f4d823b8b32a2efd503578988973"

[[package]]
name = "bincode"
version = "1.3.3"
source = "registry+https://github.com/rust-lang/crates.io-index"
checksum = "b1f45e9417d87227c7a56d22e471c6206462cba514c7590c09aff4cf6d1ddcad"
dependencies = [
 "serde",
]

[[package]]
name = "binrw"
version = "0.11.2"
source = "registry+https://github.com/rust-lang/crates.io-index"
checksum = "ab81d22cbd2d745852348b2138f3db2103afa8ce043117a374581926a523e267"
dependencies = [
 "array-init",
 "binrw_derive",
 "bytemuck",
]

[[package]]
name = "binrw_derive"
version = "0.11.2"
source = "registry+https://github.com/rust-lang/crates.io-index"
checksum = "d6b019a3efebe7f453612083202887b6f1ace59e20d010672e336eea4ed5be97"
dependencies = [
 "either",
 "owo-colors",
 "proc-macro2",
 "quote",
 "syn 1.0.109",
]

[[package]]
name = "bitflags"
version = "2.6.0"
source = "registry+https://github.com/rust-lang/crates.io-index"
checksum = "b048fb63fd8b5923fc5aa7b340d8e156aec7ec02f0c78fa8a6ddc2613f6f71de"
dependencies = [
 "serde",
]

[[package]]
name = "buffer"
version = "0.1.9"
source = "registry+https://github.com/rust-lang/crates.io-index"
checksum = "aab7228d32b5d95be40adeba1d9461c8547b5dadf5f9cbfba09b6d578991df28"
dependencies = [
 "arrayvec 0.5.2",
 "mac",
]

[[package]]
name = "bytemuck"
version = "1.18.0"
source = "registry+https://github.com/rust-lang/crates.io-index"
checksum = "94bbb0ad554ad961ddc5da507a12a29b14e4ae5bda06b19f575a3e6079d2e2ae"

[[package]]
name = "byteorder"
version = "1.5.0"
source = "registry+https://github.com/rust-lang/crates.io-index"
checksum = "1fd0f2584146f6f2ef48085050886acf353beff7305ebd1ae69500e27c67f64b"

[[package]]
name = "cfg-if"
version = "1.0.0"
source = "registry+https://github.com/rust-lang/crates.io-index"
checksum = "baf1de4339761588bc0619e3cbc0120ee582ebb74b53b4efbf79117bd2da40fd"

[[package]]
name = "crunchy"
version = "0.2.2"
source = "registry+https://github.com/rust-lang/crates.io-index"
checksum = "7a81dae078cea95a014a339291cec439d2f232ebe854a9d672b796c6afafa9b7"

[[package]]
name = "either"
version = "1.13.0"
source = "registry+https://github.com/rust-lang/crates.io-index"
checksum = "60b1af1c220855b6ceac025d3f6ecdd2b7c4894bfe9cd9bda4fbb4bc7c0d4cf0"

[[package]]
name = "equivalent"
version = "1.0.1"
source = "registry+https://github.com/rust-lang/crates.io-index"
checksum = "5443807d6dff69373d433ab9ef5378ad8df50ca6298caf15de6e52e24aaf54d5"

[[package]]
name = "fixed"
version = "1.28.0"
source = "registry+https://github.com/rust-lang/crates.io-index"
checksum = "85c6e0b89bf864acd20590dbdbad56f69aeb898abfc9443008fd7bd48b2cc85a"
dependencies = [
 "az",
 "bytemuck",
 "half",
 "typenum",
]

[[package]]
name = "half"
version = "2.4.1"
source = "registry+https://github.com/rust-lang/crates.io-index"
checksum = "6dd08c532ae367adf81c312a4580bc67f1d0fe8bc9c460520283f4c0ff277888"
dependencies = [
 "cfg-if",
 "crunchy",
]

[[package]]
name = "hashbrown"
version = "0.14.5"
source = "registry+https://github.com/rust-lang/crates.io-index"
checksum = "e5274423e17b7c9fc20b6e7e208532f9b19825d82dfd615708b70edd83df41f1"

[[package]]
name = "indexmap"
version = "2.5.0"
source = "registry+https://github.com/rust-lang/crates.io-index"
checksum = "68b900aa2f7301e21c36462b170ee99994de34dff39a4a6a528e80e7376d07e5"
dependencies = [
 "equivalent",
 "hashbrown",
]

[[package]]
name = "itertools"
version = "0.4.19"
source = "registry+https://github.com/rust-lang/crates.io-index"
checksum = "c4a9b56eb56058f43dc66e58f40a214b2ccbc9f3df51861b63d51dec7b65bc3f"

[[package]]
name = "log"
version = "0.3.9"
source = "registry+https://github.com/rust-lang/crates.io-index"
checksum = "e19e8d5c34a3e0e2223db8e060f9e8264aeeb5c5fc64a4ee9965c062211c024b"
dependencies = [
 "log 0.4.22",
]

[[package]]
name = "log"
version = "0.4.22"
source = "registry+https://github.com/rust-lang/crates.io-index"
checksum = "a7a70ba024b9dc04c27ea2f0c0548feb474ec5c54bba33a7f72f873a39d07b24"

[[package]]
name = "mac"
version = "0.0.2"
source = "registry+https://github.com/rust-lang/crates.io-index"
checksum = "1b1db08c0d0ddbb591e65f1da58d1cefccc94a2faa0c55bf979ce215a3e04d5e"

[[package]]
name = "memchr"
version = "2.7.4"
source = "registry+https://github.com/rust-lang/crates.io-index"
checksum = "78ca9ab1a0babb1e7d5695e3530886289c18cf2f87ec19a575a0abdce112e3a3"

[[package]]
name = "minimal-lexical"
version = "0.2.1"
source = "registry+https://github.com/rust-lang/crates.io-index"
checksum = "68354c5c6bd36d73ff3feceb05efa59b6acb7626617f4962be322a825e61f79a"

[[package]]
name = "nom"
version = "7.1.3"
source = "registry+https://github.com/rust-lang/crates.io-index"
checksum = "d273983c5a657a70a3e8f2a01329822f3b8c8172b73826411a55751e404a0a4a"
dependencies = [
 "memchr",
 "minimal-lexical",
]

[[package]]
name = "num-integer"
version = "0.1.46"
source = "registry+https://github.com/rust-lang/crates.io-index"
checksum = "7969661fd2958a5cb096e56c8e1ad0444ac2bbcd0061bd28660485a44879858f"
dependencies = [
 "num-traits",
]

[[package]]
name = "num-traits"
version = "0.2.19"
source = "registry+https://github.com/rust-lang/crates.io-index"
checksum = "071dfc062690e90b734c0b2273ce72ad0ffa95f0c74596bc250dcfd960262841"
dependencies = [
 "autocfg",
]

[[package]]
name = "num_enum"
version = "0.7.3"
source = "registry+https://github.com/rust-lang/crates.io-index"
checksum = "4e613fc340b2220f734a8595782c551f1250e969d87d3be1ae0579e8d4065179"
dependencies = [
 "num_enum_derive",
]

[[package]]
name = "num_enum_derive"
version = "0.7.3"
source = "registry+https://github.com/rust-lang/crates.io-index"
checksum = "af1844ef2428cc3e1cb900be36181049ef3d3193c63e43026cfe202983b27a56"
dependencies = [
 "proc-macro-crate",
 "proc-macro2",
 "quote",
 "syn 2.0.79",
]

[[package]]
name = "owo-colors"
version = "3.5.0"
source = "registry+https://github.com/rust-lang/crates.io-index"
checksum = "c1b04fb49957986fdce4d6ee7a65027d55d4b6d2265e5848bbb507b58ccfdb6f"

[[package]]
name = "pre-rfc3243-libtw2-common"
version = "0.1.0"
source = "registry+https://github.com/rust-lang/crates.io-index"
checksum = "6715127db3f516b89e46baa48bd571ded37e0bb5d912fc5924032d17ee7b372a"
dependencies = [
 "arrayvec 0.5.2",
 "zerocopy",
]

[[package]]
name = "pre-rfc3243-libtw2-demo"
version = "0.1.0"
source = "registry+https://github.com/rust-lang/crates.io-index"
checksum = "b8d82220e0a2df5677108f03f4f83e713cb6cd60eb53ed8e5aaf57d219735f86"
dependencies = [
 "arrayvec 0.5.2",
 "binrw",
 "buffer",
 "pre-rfc3243-libtw2-common",
 "pre-rfc3243-libtw2-gamenet-common",
 "pre-rfc3243-libtw2-huffman",
 "pre-rfc3243-libtw2-packer",
 "pre-rfc3243-libtw2-snapshot",
 "thiserror",
 "uuid 0.8.2",
 "warn",
]

[[package]]
name = "pre-rfc3243-libtw2-gamenet-common"
version = "0.1.1"
source = "registry+https://github.com/rust-lang/crates.io-index"
checksum = "465e220f11170e7ee0dfe2c874d2731266cb486c661718620a786f242c02ad61"
dependencies = [
 "arrayvec 0.5.2",
 "buffer",
 "pre-rfc3243-libtw2-common",
 "pre-rfc3243-libtw2-packer",
 "serde",
 "serde_derive",
 "uuid 0.8.2",
 "warn",
 "zerocopy",
]

[[package]]
name = "pre-rfc3243-libtw2-gamenet-ddnet"
version = "0.1.1"
source = "registry+https://github.com/rust-lang/crates.io-index"
checksum = "857fb1fb6c271d1cfa395ea7b646aa0c29990c1581320da2362a521577830b77"
dependencies = [
 "arrayvec 0.5.2",
 "buffer",
 "pre-rfc3243-libtw2-common",
 "pre-rfc3243-libtw2-gamenet-common",
 "pre-rfc3243-libtw2-gamenet-snap",
 "pre-rfc3243-libtw2-packer",
 "uuid 0.8.2",
 "warn",
]

[[package]]
name = "pre-rfc3243-libtw2-gamenet-snap"
version = "0.1.0"
source = "registry+https://github.com/rust-lang/crates.io-index"
checksum = "3d2ed0cac03d396645a80ff78b8f8e6ccddfee7415ac10d8adf71cf0b6ddab75"
dependencies = [
 "buffer",
 "pre-rfc3243-libtw2-common",
 "pre-rfc3243-libtw2-gamenet-common",
 "pre-rfc3243-libtw2-packer",
 "warn",
]

[[package]]
name = "pre-rfc3243-libtw2-gamenet-teeworlds-0-7"
version = "0.1.1"
source = "registry+https://github.com/rust-lang/crates.io-index"
checksum = "4e457ad37caedbc3bb00b5e98084b04d191177e9e2ccef32abb23314ca1a944a"
dependencies = [
 "arrayvec 0.5.2",
 "buffer",
 "pre-rfc3243-libtw2-common",
 "pre-rfc3243-libtw2-gamenet-common",
 "pre-rfc3243-libtw2-gamenet-snap",
 "pre-rfc3243-libtw2-packer",
 "uuid 0.8.2",
 "warn",
]

[[package]]
name = "pre-rfc3243-libtw2-huffman"
version = "0.1.0"
source = "registry+https://github.com/rust-lang/crates.io-index"
checksum = "f42f3d7315871c61fb7bf12c317e3b2eb92870e46bc919eacabfc14420884fa3"
dependencies = [
 "arrayvec 0.5.2",
 "buffer",
 "itertools",
 "pre-rfc3243-libtw2-common",
]

[[package]]
name = "pre-rfc3243-libtw2-packer"
version = "0.1.0"
source = "registry+https://github.com/rust-lang/crates.io-index"
checksum = "cf3e1a71fc1ddb7004182840ccefd6838e4ec3efde922a8da990587ad69def22"
dependencies = [
 "arrayvec 0.5.2",
 "buffer",
 "pre-rfc3243-libtw2-common",
 "uuid 0.8.2",
 "warn",
]

[[package]]
name = "pre-rfc3243-libtw2-snapshot"
version = "0.1.0"
source = "registry+https://github.com/rust-lang/crates.io-index"
checksum = "3b40486fb774b475e16d86a0ee769695b81b151759aa2fb66ad456d1a4216421"
dependencies = [
 "buffer",
 "pre-rfc3243-libtw2-common",
 "pre-rfc3243-libtw2-gamenet-snap",
 "pre-rfc3243-libtw2-packer",
 "vec_map",
 "warn",
]

[[package]]
name = "proc-macro-crate"
version = "3.2.0"
source = "registry+https://github.com/rust-lang/crates.io-index"
checksum = "8ecf48c7ca261d60b74ab1a7b20da18bede46776b2e55535cb958eb595c5fa7b"
dependencies = [
 "toml_edit",
]

[[package]]
name = "proc-macro2"
version = "1.0.86"
source = "registry+https://github.com/rust-lang/crates.io-index"
checksum = "5e719e8df665df0d1c8fbfd238015744736151d4445ec0836b8e628aae103b77"
dependencies = [
 "unicode-ident",
]

[[package]]
name = "quote"
version = "1.0.37"
source = "registry+https://github.com/rust-lang/crates.io-index"
checksum = "b5b9d34b8991d19d98081b46eacdd8eb58c6f2b201139f7c5f643cc155a633af"
dependencies = [
 "proc-macro2",
]

[[package]]
name = "rustc_version"
version = "0.4.1"
source = "registry+https://github.com/rust-lang/crates.io-index"
checksum = "cfcb3a22ef46e85b45de6ee7e79d063319ebb6594faafcf1c225ea92ab6e9b92"
dependencies = [
 "semver",
]

[[package]]
name = "semver"
version = "1.0.23"
source = "registry+https://github.com/rust-lang/crates.io-index"
checksum = "61697e0a1c7e512e84a621326239844a24d8207b4669b41bc18b32ea5cbf988b"

[[package]]
name = "serde"
version = "1.0.210"
source = "registry+https://github.com/rust-lang/crates.io-index"
checksum = "c8e3592472072e6e22e0a54d5904d9febf8508f65fb8552499a1abc7d1078c3a"
dependencies = [
 "serde_derive",
]

[[package]]
name = "serde_bytes"
version = "0.11.15"
source = "registry+https://github.com/rust-lang/crates.io-index"
checksum = "387cc504cb06bb40a96c8e04e951fe01854cf6bc921053c954e4a606d9675c6a"
dependencies = [
 "serde",
]

[[package]]
name = "serde_derive"
version = "1.0.210"
source = "registry+https://github.com/rust-lang/crates.io-index"
checksum = "243902eda00fad750862fc144cea25caca5e20d615af0a81bee94ca738f1df1f"
dependencies = [
 "proc-macro2",
 "quote",
 "syn 2.0.79",
]

[[package]]
name = "syn"
version = "1.0.109"
source = "registry+https://github.com/rust-lang/crates.io-index"
checksum = "72b64191b275b66ffe2469e8af2c1cfe3bafa67b529ead792a6d0160888b4237"
dependencies = [
 "proc-macro2",
 "quote",
 "unicode-ident",
]

[[package]]
name = "syn"
version = "2.0.79"
source = "registry+https://github.com/rust-lang/crates.io-index"
checksum = "89132cd0bf050864e1d38dc3bbc07a0eb8e7530af26344d3d2bbbef83499f590"
dependencies = [
 "proc-macro2",
 "quote",
 "unicode-ident",
]

[[package]]
name = "teehistorian"
version = "0.9.0"
source = "registry+https://github.com/rust-lang/crates.io-index"
checksum = "3b5d29964a6e04ee0590cd7113238ab37fece06d7b4614f7fa3d5231ba15348e"
dependencies = [
 "arrayvec 0.7.6",
 "nom",
 "serde",
 "serde_bytes",
 "uuid 1.10.0",
]

[[package]]
name = "teehistorian"
version = "0.10.3"
source = "registry+https://github.com/rust-lang/crates.io-index"
checksum = "f5009f83b3579b68fd91ba604b6bda10394364af8bcf7794643e40eb39c8a1f7"
dependencies = [
 "arrayvec 0.7.6",
 "nom",
 "serde",
 "serde_bytes",
 "uuid 1.10.0",
]

[[package]]
name = "teehistorian_extractor"
version = "0.1.0"
dependencies = [
 "teehistorian 0.10.3",
 "twgame-core",
]

[[package]]
name = "thiserror"
version = "1.0.64"
source = "registry+https://github.com/rust-lang/crates.io-index"
checksum = "d50af8abc119fb8bb6dbabcfa89656f46f84aa0ac7688088608076ad2b459a84"
dependencies = [
 "thiserror-impl",
]

[[package]]
name = "thiserror-impl"
version = "1.0.64"
source = "registry+https://github.com/rust-lang/crates.io-index"
checksum = "08904e7672f5eb876eaaf87e0ce17857500934f4981c4a0ab2b4aa98baac7fc3"
dependencies = [
 "proc-macro2",
 "quote",
 "syn 2.0.79",
]

[[package]]
name = "toml_datetime"
version = "0.6.8"
source = "registry+https://github.com/rust-lang/crates.io-index"
checksum = "0dd7358ecb8fc2f8d014bf86f6f638ce72ba252a2c3a2572f2a795f1d23efb41"

[[package]]
name = "toml_edit"
version = "0.22.22"
source = "registry+https://github.com/rust-lang/crates.io-index"
checksum = "4ae48d6208a266e853d946088ed816055e556cc6028c5e8e2b84d9fa5dd7c7f5"
dependencies = [
 "indexmap",
 "toml_datetime",
 "winnow",
]

[[package]]
name = "twgame-core"
version = "0.1.0"
source = "registry+https://github.com/rust-lang/crates.io-index"
checksum = "f65da3b7fb9ce3061991a8e96aa1f66e045a5c828c141543bd8dd8213c5634c3"
dependencies = [
 "bincode",
 "bitflags",
 "buffer",
 "pre-rfc3243-libtw2-gamenet-ddnet",
 "pre-rfc3243-libtw2-gamenet-teeworlds-0-7",
 "pre-rfc3243-libtw2-packer",
 "serde",
 "teehistorian 0.9.0",
 "twsnap",
 "uuid 1.10.0",
 "vek",
 "warn",
]

[[package]]
name = "twsnap"
version = "0.1.1"
source = "registry+https://github.com/rust-lang/crates.io-index"
checksum = "3af8da8195d1993b823bbe61ba6a93bc09dcacf0889d8e9faaef6cb90e983f27"
dependencies = [
 "arrayvec 0.7.6",
 "bitflags",
 "fixed",
 "num_enum",
 "pre-rfc3243-libtw2-common",
 "pre-rfc3243-libtw2-demo",
 "pre-rfc3243-libtw2-gamenet-ddnet",
 "serde",
 "vek",
 "warn",
]

[[package]]
name = "typenum"
version = "1.17.0"
source = "registry+https://github.com/rust-lang/crates.io-index"
checksum = "42ff0bf0c66b8238c6f3b578df37d0b7848e55df8577b3f74f92a69acceeb825"

[[package]]
name = "unicode-ident"
version = "1.0.13"
source = "registry+https://github.com/rust-lang/crates.io-index"
checksum = "e91b56cd4cadaeb79bbf1a5645f6b4f8dc5bde8834ad5894a8db35fda9efa1fe"

[[package]]
name = "uuid"
version = "0.8.2"
source = "registry+https://github.com/rust-lang/crates.io-index"
checksum = "bc5cf98d8186244414c848017f0e2676b3fcb46807f6668a97dfe67359a3c4b7"
dependencies = [
 "serde",
]

[[package]]
name = "uuid"
version = "1.10.0"
source = "registry+https://github.com/rust-lang/crates.io-index"
checksum = "81dfa00651efa65069b0b6b651f4aaa31ba9e3c3ce0137aaad053604ee7e0314"
dependencies = [
 "serde",
]

[[package]]
name = "vec_map"
version = "0.8.2"
source = "registry+https://github.com/rust-lang/crates.io-index"
checksum = "f1bddf1187be692e79c5ffeab891132dfb0f236ed36a43c7ed39f1165ee20191"

[[package]]
name = "vek"
version = "0.16.1"
source = "registry+https://github.com/rust-lang/crates.io-index"
checksum = "c85158043f3bc1fac596d59a77e07948da340b9951b451ed4cb4a8c480aa2157"
dependencies = [
 "approx",
 "num-integer",
 "num-traits",
 "rustc_version",
 "serde",
]

[[package]]
name = "warn"
version = "0.2.2"
source = "registry+https://github.com/rust-lang/crates.io-index"
checksum = "5f2638072850e7fde2e4e96d78204024000382e5666876bd8a3e7e9db6ed22cb"
dependencies = [
 "log 0.3.9",
]

[[package]]
name = "winnow"
version = "0.6.20"
source = "registry+https://github.com/rust-lang/crates.io-index"
checksum = "36c1fec1a2bb5866f07c25f68c26e565c4c200aebb96d7e55710c19d3e8ac49b"
dependencies = [
 "memchr",
]

[[package]]
name = "zerocopy"
version = "0.7.35"
source = "registry+https://github.com/rust-lang/crates.io-index"
checksum = "1b9b4fd18abc82b8136838da5d50bae7bdea537c574d8dc1a34ed098d6c166f0"
dependencies = [
 "byteorder",
 "zerocopy-derive",
]

[[package]]
name = "zerocopy-derive"
version = "0.7.35"
source = "registry+https://github.com/rust-lang/crates.io-index"
checksum = "fa4f8080344d4671fb4e831a13ad1e68092748387dfc4f55e356242fae12ce3e"
dependencies = [
 "proc-macro2",
 "quote",
 "syn 2.0.79",
]
